
Microsoft Visual Studio Solution File, Format Version 12.00
# Visual Studio Version 16
VisualStudioVersion = 16.0.31729.503
MinimumVisualStudioVersion = 10.0.40219.1
Project("{8BC9CEB8-8B4A-11D0-8D11-00A0C91BC942}") = "SW캠프_정답", "SW캠프_정답\SW캠프_정답.vcxproj", "{064C4E57-F20E-4118-ABA5-62B91C21F77A}"
EndProject
Global
	GlobalSection(SolutionConfigurationPlatforms) = preSolution
		Debug|x64 = Debug|x64
		Debug|x86 = Debug|x86
		Release|x64 = Release|x64
		Release|x86 = Release|x86
	EndGlobalSection
	GlobalSection(ProjectConfigurationPlatforms) = postSolution
		{064C4E57-F20E-4118-ABA5-62B91C21F77A}.Debug|x64.ActiveCfg = Debug|x64
		{064C4E57-F20E-4118-ABA5-62B91C21F77A}.Debug|x64.Build.0 = Debug|x64
		{064C4E57-F20E-4118-ABA5-62B91C21F77A}.Debug|x86.ActiveCfg = Debug|Win32
		{064C4E57-F20E-4118-ABA5-62B91C21F77A}.Debug|x86.Build.0 = Debug|Win32
		{064C4E57-F20E-4118-ABA5-62B91C21F77A}.Release|x64.ActiveCfg = Release|x64
		{064C4E57-F20E-4118-ABA5-62B91C21F77A}.Release|x64.Build.0 = Release|x64
		{064C4E57-F20E-4118-ABA5-62B91C21F77A}.Release|x86.ActiveCfg = Release|Win32
		{064C4E57-F20E-4118-ABA5-62B91C21F77A}.Release|x86.Build.0 = Release|Win32
	EndGlobalSection
	GlobalSection(SolutionProperties) = preSolution
		HideSolutionNode = FALSE
	EndGlobalSection
	GlobalSection(ExtensibilityGlobals) = postSolution
		SolutionGuid = {731B6270-1B1E-42A5-8E52-808205DECB0A}
	EndGlobalSection
EndGlobal
